
Microsoft Visual Studio Solution File, Format Version 12.00
# Visual Studio Version 16
VisualStudioVersion = 16.0.30114.105
MinimumVisualStudioVersion = 10.0.40219.1
Project("{FAE04EC0-301F-11D3-BF4B-00C04F79EFBC}") = "R5T.Vandalia.Bath.Standard", "R5T.Vandalia.Bath.Standard\R5T.Vandalia.Bath.Standard.csproj", "{D42ACAB6-D6B0-424B-A99C-2C5BFB634770}"
EndProject
Project("{FAE04EC0-301F-11D3-BF4B-00C04F79EFBC}") = "R5T.Vandalia.Bath.Standard.Construction", "R5T.Vandalia.Bath.Standard.Construction\R5T.Vandalia.Bath.Standard.Construction.csproj", "{40212031-5A1E-42E2-B50A-B81CABCED00D}"
EndProject
Project("{FAE04EC0-301F-11D3-BF4B-00C04F79EFBC}") = "R5T.Vandalia.Bath.Standard.Testing", "R5T.Vandalia.Bath.Standard.Testing\R5T.Vandalia.Bath.Standard.Testing.csproj", "{3B240A45-BDB6-4E03-B80F-6E75849EC6FA}"
EndProject
Global
	GlobalSection(SolutionConfigurationPlatforms) = preSolution
		Debug|Any CPU = Debug|Any CPU
		Debug|x64 = Debug|x64
		Debug|x86 = Debug|x86
		Release|Any CPU = Release|Any CPU
		Release|x64 = Release|x64
		Release|x86 = Release|x86
	EndGlobalSection
	GlobalSection(SolutionProperties) = preSolution
		HideSolutionNode = FALSE
	EndGlobalSection
	GlobalSection(ProjectConfigurationPlatforms) = postSolution
		{D42ACAB6-D6B0-424B-A99C-2C5BFB634770}.Debug|Any CPU.ActiveCfg = Debug|Any CPU
		{D42ACAB6-D6B0-424B-A99C-2C5BFB634770}.Debug|Any CPU.Build.0 = Debug|Any CPU
		{D42ACAB6-D6B0-424B-A99C-2C5BFB634770}.Debug|x64.ActiveCfg = Debug|Any CPU
		{D42ACAB6-D6B0-424B-A99C-2C5BFB634770}.Debug|x64.Build.0 = Debug|Any CPU
		{D42ACAB6-D6B0-424B-A99C-2C5BFB634770}.Debug|x86.ActiveCfg = Debug|Any CPU
		{D42ACAB6-D6B0-424B-A99C-2C5BFB634770}.Debug|x86.Build.0 = Debug|Any CPU
		{D42ACAB6-D6B0-424B-A99C-2C5BFB634770}.Release|Any CPU.ActiveCfg = Release|Any CPU
		{D42ACAB6-D6B0-424B-A99C-2C5BFB634770}.Release|Any CPU.Build.0 = Release|Any CPU
		{D42ACAB6-D6B0-424B-A99C-2C5BFB634770}.Release|x64.ActiveCfg = Release|Any CPU
		{D42ACAB6-D6B0-424B-A99C-2C5BFB634770}.Release|x64.Build.0 = Release|Any CPU
		{D42ACAB6-D6B0-424B-A99C-2C5BFB634770}.Release|x86.ActiveCfg = Release|Any CPU
		{D42ACAB6-D6B0-424B-A99C-2C5BFB634770}.Release|x86.Build.0 = Release|Any CPU
		{40212031-5A1E-42E2-B50A-B81CABCED00D}.Debug|Any CPU.ActiveCfg = Debug|Any CPU
		{40212031-5A1E-42E2-B50A-B81CABCED00D}.Debug|Any CPU.Build.0 = Debug|Any CPU
		{40212031-5A1E-42E2-B50A-B81CABCED00D}.Debug|x64.ActiveCfg = Debug|Any CPU
		{40212031-5A1E-42E2-B50A-B81CABCED00D}.Debug|x64.Build.0 = Debug|Any CPU
		{40212031-5A1E-42E2-B50A-B81CABCED00D}.Debug|x86.ActiveCfg = Debug|Any CPU
		{40212031-5A1E-42E2-B50A-B81CABCED00D}.Debug|x86.Build.0 = Debug|Any CPU
		{40212031-5A1E-42E2-B50A-B81CABCED00D}.Release|Any CPU.ActiveCfg = Release|Any CPU
		{40212031-5A1E-42E2-B50A-B81CABCED00D}.Release|Any CPU.Build.0 = Release|Any CPU
		{40212031-5A1E-42E2-B50A-B81CABCED00D}.Release|x64.ActiveCfg = Release|Any CPU
		{40212031-5A1E-42E2-B50A-B81CABCED00D}.Release|x64.Build.0 = Release|Any CPU
		{40212031-5A1E-42E2-B50A-B81CABCED00D}.Release|x86.ActiveCfg = Release|Any CPU
		{40212031-5A1E-42E2-B50A-B81CABCED00D}.Release|x86.Build.0 = Release|Any CPU
		{3B240A45-BDB6-4E03-B80F-6E75849EC6FA}.Debug|Any CPU.ActiveCfg = Debug|Any CPU
		{3B240A45-BDB6-4E03-B80F-6E75849EC6FA}.Debug|Any CPU.Build.0 = Debug|Any CPU
		{3B240A45-BDB6-4E03-B80F-6E75849EC6FA}.Debug|x64.ActiveCfg = Debug|Any CPU
		{3B240A45-BDB6-4E03-B80F-6E75849EC6FA}.Debug|x64.Build.0 = Debug|Any CPU
		{3B240A45-BDB6-4E03-B80F-6E75849EC6FA}.Debug|x86.ActiveCfg = Debug|Any CPU
		{3B240A45-BDB6-4E03-B80F-6E75849EC6FA}.Debug|x86.Build.0 = Debug|Any CPU
		{3B240A45-BDB6-4E03-B80F-6E75849EC6FA}.Release|Any CPU.ActiveCfg = Release|Any CPU
		{3B240A45-BDB6-4E03-B80F-6E75849EC6FA}.Release|Any CPU.Build.0 = Release|Any CPU
		{3B240A45-BDB6-4E03-B80F-6E75849EC6FA}.Release|x64.ActiveCfg = Release|Any CPU
		{3B240A45-BDB6-4E03-B80F-6E75849EC6FA}.Release|x64.Build.0 = Release|Any CPU
		{3B240A45-BDB6-4E03-B80F-6E75849EC6FA}.Release|x86.ActiveCfg = Release|Any CPU
		{3B240A45-BDB6-4E03-B80F-6E75849EC6FA}.Release|x86.Build.0 = Release|Any CPU
	EndGlobalSection
EndGlobal
