
Microsoft Visual Studio Solution File, Format Version 12.00
# Visual Studio 15
VisualStudioVersion = 15.0.26124.0
MinimumVisualStudioVersion = 15.0.26124.0
Project("{9A19103F-16F7-4668-BE54-9A1E7A4F7556}") = "R5T.Vandalia.Bath.Standard.Construction", "R5T.Vandalia.Bath.Standard.Construction\R5T.Vandalia.Bath.Standard.Construction.csproj", "{C17F560F-794F-4D4E-9223-6CA6D55E5055}"
EndProject
Project("{9A19103F-16F7-4668-BE54-9A1E7A4F7556}") = "R5T.Vandalia.Bath.Standard", "R5T.Vandalia.Bath.Standard\R5T.Vandalia.Bath.Standard.csproj", "{27E0C636-47D3-4E84-9590-86AF443E0E4D}"
EndProject
Project("{9A19103F-16F7-4668-BE54-9A1E7A4F7556}") = "R5T.Vandalia.Bath.Standard.Testing", "R5T.Vandalia.Bath.Standard.Testing\R5T.Vandalia.Bath.Standard.Testing.csproj", "{F64342CD-B11E-416F-BD8D-B5AB41197734}"
EndProject
Project("{2150E333-8FDC-42A3-9474-1A3956D46DE8}") = "_Dependencies", "_Dependencies", "{3AF237C3-5567-4CAC-8478-62F259C3F803}"
EndProject
Project("{9A19103F-16F7-4668-BE54-9A1E7A4F7556}") = "R5T.Vandalia.Bath", "..\..\R5T.Vandalia.Bath\source\R5T.Vandalia.Bath\R5T.Vandalia.Bath.csproj", "{6E39FE27-C61D-43D5-BA8E-854D31836B94}"
EndProject
Project("{9A19103F-16F7-4668-BE54-9A1E7A4F7556}") = "R5T.Bath.Standard", "..\..\R5T.Bath.Standard\source\R5T.Bath.Standard\R5T.Bath.Standard.csproj", "{DD1922A7-108D-4986-B213-0E7703BFF293}"
EndProject
Project("{9A19103F-16F7-4668-BE54-9A1E7A4F7556}") = "R5T.Bath.Base", "..\..\R5T.Bath.Base\source\R5T.Bath.Base\R5T.Bath.Base.csproj", "{15B5C285-12CA-4796-8868-82CFB2040A0E}"
EndProject
Project("{9A19103F-16F7-4668-BE54-9A1E7A4F7556}") = "R5T.Vandalia.Base", "..\..\R5T.Vandalia.Base\source\R5T.Vandalia.Base\R5T.Vandalia.Base.csproj", "{4F238594-5EC3-4F4C-9553-7C7B55241D3D}"
EndProject
Project("{9A19103F-16F7-4668-BE54-9A1E7A4F7556}") = "R5T.Bath.File.Standard", "..\..\R5T.Bath.File.Standard\source\R5T.Bath.File.Standard\R5T.Bath.File.Standard.csproj", "{901B58C1-1BC2-42FC-B5FF-B5B96C4999CD}"
EndProject
Project("{9A19103F-16F7-4668-BE54-9A1E7A4F7556}") = "R5T.Bath.File.Thessaloniki.Standard", "..\..\R5T.Bath.File.Thessaloniki.Standard\source\R5T.Bath.File.Thessaloniki.Standard\R5T.Bath.File.Thessaloniki.Standard.csproj", "{982ABC46-2904-42AC-B581-4B37958B0DE3}"
EndProject
Project("{9A19103F-16F7-4668-BE54-9A1E7A4F7556}") = "R5T.Bath.File.Thessaloniki", "..\..\R5T.Bath.File.Thessaloniki\source\R5T.Bath.File.Thessaloniki\R5T.Bath.File.Thessaloniki.csproj", "{16419BA6-C561-4A85-B87F-8B2A2D4A6430}"
EndProject
Project("{9A19103F-16F7-4668-BE54-9A1E7A4F7556}") = "R5T.Bath.File.Default", "..\..\R5T.Bath.File.Default\source\R5T.Bath.File.Default\R5T.Bath.File.Default.csproj", "{0A2A27D6-426A-4650-B47B-BDF61FC10FFC}"
EndProject
Project("{9A19103F-16F7-4668-BE54-9A1E7A4F7556}") = "R5T.Bath.File", "..\..\R5T.Bath.File\source\R5T.Bath.File\R5T.Bath.File.csproj", "{DD5AF665-A124-4999-9D3F-414C06E209ED}"
EndProject
Project("{9A19103F-16F7-4668-BE54-9A1E7A4F7556}") = "R5T.Bath.Default", "..\..\R5T.Bath.Default\source\R5T.Bath.Default\R5T.Bath.Default.csproj", "{4D002032-DC49-4F4D-A0B1-884C8EB5FA0D}"
EndProject
Project("{9A19103F-16F7-4668-BE54-9A1E7A4F7556}") = "R5T.Lombardy.Base", "..\..\R5T.Lombardy.Base\source\R5T.Lombardy.Base\R5T.Lombardy.Base.csproj", "{ACE154D6-7819-4CA3-B8FC-565C81822549}"
EndProject
Project("{9A19103F-16F7-4668-BE54-9A1E7A4F7556}") = "R5T.Thessaloniki.Base", "..\..\R5T.Thessaloniki.Base\source\R5T.Thessaloniki.Base\R5T.Thessaloniki.Base.csproj", "{8AE60AE6-E4A6-4ACB-B050-D4138FA93B62}"
EndProject
Project("{9A19103F-16F7-4668-BE54-9A1E7A4F7556}") = "R5T.Dacia.Extensions", "..\..\R5T.Dacia.Extensions\source\R5T.Dacia.Extensions\R5T.Dacia.Extensions.csproj", "{66859FBA-131C-4037-B358-503E7707D7E4}"
EndProject
Project("{9A19103F-16F7-4668-BE54-9A1E7A4F7556}") = "R5T.Dacia", "..\..\R5T.Dacia\source\R5T.Dacia\R5T.Dacia.csproj", "{D41B7D9D-2F1B-41AA-AF55-6CAB8F33E584}"
EndProject
Project("{9A19103F-16F7-4668-BE54-9A1E7A4F7556}") = "R5T.Thessaloniki.Standard", "..\..\R5T.Thessaloniki.Standard\source\R5T.Thessaloniki.Standard\R5T.Thessaloniki.Standard.csproj", "{4A072AE4-2748-474E-B6F9-D70F3D9C4AD8}"
EndProject
Project("{9A19103F-16F7-4668-BE54-9A1E7A4F7556}") = "R5T.Thessaloniki.Default", "..\..\R5T.Thessaloniki.Default\source\R5T.Thessaloniki.Default\R5T.Thessaloniki.Default.csproj", "{7F217152-13D4-4715-8A09-9A68ACEE66A5}"
EndProject
Project("{9A19103F-16F7-4668-BE54-9A1E7A4F7556}") = "R5T.Lombardy.Standard", "..\..\R5T.Lombardy.Standard\source\R5T.Lombardy.Standard\R5T.Lombardy.Standard.csproj", "{8CA50C75-B731-454B-9AF3-46F172360DB1}"
EndProject
Project("{9A19103F-16F7-4668-BE54-9A1E7A4F7556}") = "R5T.Lombardy", "..\..\R5T.Lombardy\source\R5T.Lombardy\R5T.Lombardy.csproj", "{04E9DC0C-35C8-4DC4-8493-95618691B9AD}"
EndProject
Project("{9A19103F-16F7-4668-BE54-9A1E7A4F7556}") = "R5T.Cherusci", "..\..\R5T.Cherusci\source\R5T.Cherusci\R5T.Cherusci.csproj", "{997E849B-84A0-4DA1-A08F-096FBC9B2119}"
EndProject
Project("{9A19103F-16F7-4668-BE54-9A1E7A4F7556}") = "R5T.Magyar", "..\..\R5T.Magyar\source\R5T.Magyar\R5T.Magyar.csproj", "{EF617CFF-4970-4EF8-A61A-BF39CE1146A1}"
EndProject
Project("{9A19103F-16F7-4668-BE54-9A1E7A4F7556}") = "R5T.Rugia", "..\..\R5T.Rugia\source\R5T.Rugia\R5T.Rugia.csproj", "{EBE76B28-F57C-4FA4-A9B0-6FE8F9AFB5A6}"
EndProject
Project("{9A19103F-16F7-4668-BE54-9A1E7A4F7556}") = "R5T.Rugia.Base", "..\..\R5T.Rugia.Base\source\R5T.Rugia.Base\R5T.Rugia.Base.csproj", "{D827E50F-14AB-4364-B1FD-396C42158B65}"
EndProject
Global
	GlobalSection(SolutionConfigurationPlatforms) = preSolution
		Debug|Any CPU = Debug|Any CPU
		Debug|x64 = Debug|x64
		Debug|x86 = Debug|x86
		Release|Any CPU = Release|Any CPU
		Release|x64 = Release|x64
		Release|x86 = Release|x86
	EndGlobalSection
	GlobalSection(ProjectConfigurationPlatforms) = postSolution
		{C17F560F-794F-4D4E-9223-6CA6D55E5055}.Debug|Any CPU.ActiveCfg = Debug|Any CPU
		{C17F560F-794F-4D4E-9223-6CA6D55E5055}.Debug|Any CPU.Build.0 = Debug|Any CPU
		{C17F560F-794F-4D4E-9223-6CA6D55E5055}.Debug|x64.ActiveCfg = Debug|Any CPU
		{C17F560F-794F-4D4E-9223-6CA6D55E5055}.Debug|x64.Build.0 = Debug|Any CPU
		{C17F560F-794F-4D4E-9223-6CA6D55E5055}.Debug|x86.ActiveCfg = Debug|Any CPU
		{C17F560F-794F-4D4E-9223-6CA6D55E5055}.Debug|x86.Build.0 = Debug|Any CPU
		{C17F560F-794F-4D4E-9223-6CA6D55E5055}.Release|Any CPU.ActiveCfg = Release|Any CPU
		{C17F560F-794F-4D4E-9223-6CA6D55E5055}.Release|Any CPU.Build.0 = Release|Any CPU
		{C17F560F-794F-4D4E-9223-6CA6D55E5055}.Release|x64.ActiveCfg = Release|Any CPU
		{C17F560F-794F-4D4E-9223-6CA6D55E5055}.Release|x64.Build.0 = Release|Any CPU
		{C17F560F-794F-4D4E-9223-6CA6D55E5055}.Release|x86.ActiveCfg = Release|Any CPU
		{C17F560F-794F-4D4E-9223-6CA6D55E5055}.Release|x86.Build.0 = Release|Any CPU
		{27E0C636-47D3-4E84-9590-86AF443E0E4D}.Debug|Any CPU.ActiveCfg = Debug|Any CPU
		{27E0C636-47D3-4E84-9590-86AF443E0E4D}.Debug|Any CPU.Build.0 = Debug|Any CPU
		{27E0C636-47D3-4E84-9590-86AF443E0E4D}.Debug|x64.ActiveCfg = Debug|Any CPU
		{27E0C636-47D3-4E84-9590-86AF443E0E4D}.Debug|x64.Build.0 = Debug|Any CPU
		{27E0C636-47D3-4E84-9590-86AF443E0E4D}.Debug|x86.ActiveCfg = Debug|Any CPU
		{27E0C636-47D3-4E84-9590-86AF443E0E4D}.Debug|x86.Build.0 = Debug|Any CPU
		{27E0C636-47D3-4E84-9590-86AF443E0E4D}.Release|Any CPU.ActiveCfg = Release|Any CPU
		{27E0C636-47D3-4E84-9590-86AF443E0E4D}.Release|Any CPU.Build.0 = Release|Any CPU
		{27E0C636-47D3-4E84-9590-86AF443E0E4D}.Release|x64.ActiveCfg = Release|Any CPU
		{27E0C636-47D3-4E84-9590-86AF443E0E4D}.Release|x64.Build.0 = Release|Any CPU
		{27E0C636-47D3-4E84-9590-86AF443E0E4D}.Release|x86.ActiveCfg = Release|Any CPU
		{27E0C636-47D3-4E84-9590-86AF443E0E4D}.Release|x86.Build.0 = Release|Any CPU
		{F64342CD-B11E-416F-BD8D-B5AB41197734}.Debug|Any CPU.ActiveCfg = Debug|Any CPU
		{F64342CD-B11E-416F-BD8D-B5AB41197734}.Debug|Any CPU.Build.0 = Debug|Any CPU
		{F64342CD-B11E-416F-BD8D-B5AB41197734}.Debug|x64.ActiveCfg = Debug|Any CPU
		{F64342CD-B11E-416F-BD8D-B5AB41197734}.Debug|x64.Build.0 = Debug|Any CPU
		{F64342CD-B11E-416F-BD8D-B5AB41197734}.Debug|x86.ActiveCfg = Debug|Any CPU
		{F64342CD-B11E-416F-BD8D-B5AB41197734}.Debug|x86.Build.0 = Debug|Any CPU
		{F64342CD-B11E-416F-BD8D-B5AB41197734}.Release|Any CPU.ActiveCfg = Release|Any CPU
		{F64342CD-B11E-416F-BD8D-B5AB41197734}.Release|Any CPU.Build.0 = Release|Any CPU
		{F64342CD-B11E-416F-BD8D-B5AB41197734}.Release|x64.ActiveCfg = Release|Any CPU
		{F64342CD-B11E-416F-BD8D-B5AB41197734}.Release|x64.Build.0 = Release|Any CPU
		{F64342CD-B11E-416F-BD8D-B5AB41197734}.Release|x86.ActiveCfg = Release|Any CPU
		{F64342CD-B11E-416F-BD8D-B5AB41197734}.Release|x86.Build.0 = Release|Any CPU
		{6E39FE27-C61D-43D5-BA8E-854D31836B94}.Debug|Any CPU.ActiveCfg = Debug|Any CPU
		{6E39FE27-C61D-43D5-BA8E-854D31836B94}.Debug|Any CPU.Build.0 = Debug|Any CPU
		{6E39FE27-C61D-43D5-BA8E-854D31836B94}.Debug|x64.ActiveCfg = Debug|Any CPU
		{6E39FE27-C61D-43D5-BA8E-854D31836B94}.Debug|x64.Build.0 = Debug|Any CPU
		{6E39FE27-C61D-43D5-BA8E-854D31836B94}.Debug|x86.ActiveCfg = Debug|Any CPU
		{6E39FE27-C61D-43D5-BA8E-854D31836B94}.Debug|x86.Build.0 = Debug|Any CPU
		{6E39FE27-C61D-43D5-BA8E-854D31836B94}.Release|Any CPU.ActiveCfg = Release|Any CPU
		{6E39FE27-C61D-43D5-BA8E-854D31836B94}.Release|Any CPU.Build.0 = Release|Any CPU
		{6E39FE27-C61D-43D5-BA8E-854D31836B94}.Release|x64.ActiveCfg = Release|Any CPU
		{6E39FE27-C61D-43D5-BA8E-854D31836B94}.Release|x64.Build.0 = Release|Any CPU
		{6E39FE27-C61D-43D5-BA8E-854D31836B94}.Release|x86.ActiveCfg = Release|Any CPU
		{6E39FE27-C61D-43D5-BA8E-854D31836B94}.Release|x86.Build.0 = Release|Any CPU
		{DD1922A7-108D-4986-B213-0E7703BFF293}.Debug|Any CPU.ActiveCfg = Debug|Any CPU
		{DD1922A7-108D-4986-B213-0E7703BFF293}.Debug|Any CPU.Build.0 = Debug|Any CPU
		{DD1922A7-108D-4986-B213-0E7703BFF293}.Debug|x64.ActiveCfg = Debug|Any CPU
		{DD1922A7-108D-4986-B213-0E7703BFF293}.Debug|x64.Build.0 = Debug|Any CPU
		{DD1922A7-108D-4986-B213-0E7703BFF293}.Debug|x86.ActiveCfg = Debug|Any CPU
		{DD1922A7-108D-4986-B213-0E7703BFF293}.Debug|x86.Build.0 = Debug|Any CPU
		{DD1922A7-108D-4986-B213-0E7703BFF293}.Release|Any CPU.ActiveCfg = Release|Any CPU
		{DD1922A7-108D-4986-B213-0E7703BFF293}.Release|Any CPU.Build.0 = Release|Any CPU
		{DD1922A7-108D-4986-B213-0E7703BFF293}.Release|x64.ActiveCfg = Release|Any CPU
		{DD1922A7-108D-4986-B213-0E7703BFF293}.Release|x64.Build.0 = Release|Any CPU
		{DD1922A7-108D-4986-B213-0E7703BFF293}.Release|x86.ActiveCfg = Release|Any CPU
		{DD1922A7-108D-4986-B213-0E7703BFF293}.Release|x86.Build.0 = Release|Any CPU
		{15B5C285-12CA-4796-8868-82CFB2040A0E}.Debug|Any CPU.ActiveCfg = Debug|Any CPU
		{15B5C285-12CA-4796-8868-82CFB2040A0E}.Debug|Any CPU.Build.0 = Debug|Any CPU
		{15B5C285-12CA-4796-8868-82CFB2040A0E}.Debug|x64.ActiveCfg = Debug|Any CPU
		{15B5C285-12CA-4796-8868-82CFB2040A0E}.Debug|x64.Build.0 = Debug|Any CPU
		{15B5C285-12CA-4796-8868-82CFB2040A0E}.Debug|x86.ActiveCfg = Debug|Any CPU
		{15B5C285-12CA-4796-8868-82CFB2040A0E}.Debug|x86.Build.0 = Debug|Any CPU
		{15B5C285-12CA-4796-8868-82CFB2040A0E}.Release|Any CPU.ActiveCfg = Release|Any CPU
		{15B5C285-12CA-4796-8868-82CFB2040A0E}.Release|Any CPU.Build.0 = Release|Any CPU
		{15B5C285-12CA-4796-8868-82CFB2040A0E}.Release|x64.ActiveCfg = Release|Any CPU
		{15B5C285-12CA-4796-8868-82CFB2040A0E}.Release|x64.Build.0 = Release|Any CPU
		{15B5C285-12CA-4796-8868-82CFB2040A0E}.Release|x86.ActiveCfg = Release|Any CPU
		{15B5C285-12CA-4796-8868-82CFB2040A0E}.Release|x86.Build.0 = Release|Any CPU
		{4F238594-5EC3-4F4C-9553-7C7B55241D3D}.Debug|Any CPU.ActiveCfg = Debug|Any CPU
		{4F238594-5EC3-4F4C-9553-7C7B55241D3D}.Debug|Any CPU.Build.0 = Debug|Any CPU
		{4F238594-5EC3-4F4C-9553-7C7B55241D3D}.Debug|x64.ActiveCfg = Debug|Any CPU
		{4F238594-5EC3-4F4C-9553-7C7B55241D3D}.Debug|x64.Build.0 = Debug|Any CPU
		{4F238594-5EC3-4F4C-9553-7C7B55241D3D}.Debug|x86.ActiveCfg = Debug|Any CPU
		{4F238594-5EC3-4F4C-9553-7C7B55241D3D}.Debug|x86.Build.0 = Debug|Any CPU
		{4F238594-5EC3-4F4C-9553-7C7B55241D3D}.Release|Any CPU.ActiveCfg = Release|Any CPU
		{4F238594-5EC3-4F4C-9553-7C7B55241D3D}.Release|Any CPU.Build.0 = Release|Any CPU
		{4F238594-5EC3-4F4C-9553-7C7B55241D3D}.Release|x64.ActiveCfg = Release|Any CPU
		{4F238594-5EC3-4F4C-9553-7C7B55241D3D}.Release|x64.Build.0 = Release|Any CPU
		{4F238594-5EC3-4F4C-9553-7C7B55241D3D}.Release|x86.ActiveCfg = Release|Any CPU
		{4F238594-5EC3-4F4C-9553-7C7B55241D3D}.Release|x86.Build.0 = Release|Any CPU
		{901B58C1-1BC2-42FC-B5FF-B5B96C4999CD}.Debug|Any CPU.ActiveCfg = Debug|Any CPU
		{901B58C1-1BC2-42FC-B5FF-B5B96C4999CD}.Debug|Any CPU.Build.0 = Debug|Any CPU
		{901B58C1-1BC2-42FC-B5FF-B5B96C4999CD}.Debug|x64.ActiveCfg = Debug|Any CPU
		{901B58C1-1BC2-42FC-B5FF-B5B96C4999CD}.Debug|x64.Build.0 = Debug|Any CPU
		{901B58C1-1BC2-42FC-B5FF-B5B96C4999CD}.Debug|x86.ActiveCfg = Debug|Any CPU
		{901B58C1-1BC2-42FC-B5FF-B5B96C4999CD}.Debug|x86.Build.0 = Debug|Any CPU
		{901B58C1-1BC2-42FC-B5FF-B5B96C4999CD}.Release|Any CPU.ActiveCfg = Release|Any CPU
		{901B58C1-1BC2-42FC-B5FF-B5B96C4999CD}.Release|Any CPU.Build.0 = Release|Any CPU
		{901B58C1-1BC2-42FC-B5FF-B5B96C4999CD}.Release|x64.ActiveCfg = Release|Any CPU
		{901B58C1-1BC2-42FC-B5FF-B5B96C4999CD}.Release|x64.Build.0 = Release|Any CPU
		{901B58C1-1BC2-42FC-B5FF-B5B96C4999CD}.Release|x86.ActiveCfg = Release|Any CPU
		{901B58C1-1BC2-42FC-B5FF-B5B96C4999CD}.Release|x86.Build.0 = Release|Any CPU
		{982ABC46-2904-42AC-B581-4B37958B0DE3}.Debug|Any CPU.ActiveCfg = Debug|Any CPU
		{982ABC46-2904-42AC-B581-4B37958B0DE3}.Debug|Any CPU.Build.0 = Debug|Any CPU
		{982ABC46-2904-42AC-B581-4B37958B0DE3}.Debug|x64.ActiveCfg = Debug|Any CPU
		{982ABC46-2904-42AC-B581-4B37958B0DE3}.Debug|x64.Build.0 = Debug|Any CPU
		{982ABC46-2904-42AC-B581-4B37958B0DE3}.Debug|x86.ActiveCfg = Debug|Any CPU
		{982ABC46-2904-42AC-B581-4B37958B0DE3}.Debug|x86.Build.0 = Debug|Any CPU
		{982ABC46-2904-42AC-B581-4B37958B0DE3}.Release|Any CPU.ActiveCfg = Release|Any CPU
		{982ABC46-2904-42AC-B581-4B37958B0DE3}.Release|Any CPU.Build.0 = Release|Any CPU
		{982ABC46-2904-42AC-B581-4B37958B0DE3}.Release|x64.ActiveCfg = Release|Any CPU
		{982ABC46-2904-42AC-B581-4B37958B0DE3}.Release|x64.Build.0 = Release|Any CPU
		{982ABC46-2904-42AC-B581-4B37958B0DE3}.Release|x86.ActiveCfg = Release|Any CPU
		{982ABC46-2904-42AC-B581-4B37958B0DE3}.Release|x86.Build.0 = Release|Any CPU
		{16419BA6-C561-4A85-B87F-8B2A2D4A6430}.Debug|Any CPU.ActiveCfg = Debug|Any CPU
		{16419BA6-C561-4A85-B87F-8B2A2D4A6430}.Debug|Any CPU.Build.0 = Debug|Any CPU
		{16419BA6-C561-4A85-B87F-8B2A2D4A6430}.Debug|x64.ActiveCfg = Debug|Any CPU
		{16419BA6-C561-4A85-B87F-8B2A2D4A6430}.Debug|x64.Build.0 = Debug|Any CPU
		{16419BA6-C561-4A85-B87F-8B2A2D4A6430}.Debug|x86.ActiveCfg = Debug|Any CPU
		{16419BA6-C561-4A85-B87F-8B2A2D4A6430}.Debug|x86.Build.0 = Debug|Any CPU
		{16419BA6-C561-4A85-B87F-8B2A2D4A6430}.Release|Any CPU.ActiveCfg = Release|Any CPU
		{16419BA6-C561-4A85-B87F-8B2A2D4A6430}.Release|Any CPU.Build.0 = Release|Any CPU
		{16419BA6-C561-4A85-B87F-8B2A2D4A6430}.Release|x64.ActiveCfg = Release|Any CPU
		{16419BA6-C561-4A85-B87F-8B2A2D4A6430}.Release|x64.Build.0 = Release|Any CPU
		{16419BA6-C561-4A85-B87F-8B2A2D4A6430}.Release|x86.ActiveCfg = Release|Any CPU
		{16419BA6-C561-4A85-B87F-8B2A2D4A6430}.Release|x86.Build.0 = Release|Any CPU
		{0A2A27D6-426A-4650-B47B-BDF61FC10FFC}.Debug|Any CPU.ActiveCfg = Debug|Any CPU
		{0A2A27D6-426A-4650-B47B-BDF61FC10FFC}.Debug|Any CPU.Build.0 = Debug|Any CPU
		{0A2A27D6-426A-4650-B47B-BDF61FC10FFC}.Debug|x64.ActiveCfg = Debug|Any CPU
		{0A2A27D6-426A-4650-B47B-BDF61FC10FFC}.Debug|x64.Build.0 = Debug|Any CPU
		{0A2A27D6-426A-4650-B47B-BDF61FC10FFC}.Debug|x86.ActiveCfg = Debug|Any CPU
		{0A2A27D6-426A-4650-B47B-BDF61FC10FFC}.Debug|x86.Build.0 = Debug|Any CPU
		{0A2A27D6-426A-4650-B47B-BDF61FC10FFC}.Release|Any CPU.ActiveCfg = Release|Any CPU
		{0A2A27D6-426A-4650-B47B-BDF61FC10FFC}.Release|Any CPU.Build.0 = Release|Any CPU
		{0A2A27D6-426A-4650-B47B-BDF61FC10FFC}.Release|x64.ActiveCfg = Release|Any CPU
		{0A2A27D6-426A-4650-B47B-BDF61FC10FFC}.Release|x64.Build.0 = Release|Any CPU
		{0A2A27D6-426A-4650-B47B-BDF61FC10FFC}.Release|x86.ActiveCfg = Release|Any CPU
		{0A2A27D6-426A-4650-B47B-BDF61FC10FFC}.Release|x86.Build.0 = Release|Any CPU
		{DD5AF665-A124-4999-9D3F-414C06E209ED}.Debug|Any CPU.ActiveCfg = Debug|Any CPU
		{DD5AF665-A124-4999-9D3F-414C06E209ED}.Debug|Any CPU.Build.0 = Debug|Any CPU
		{DD5AF665-A124-4999-9D3F-414C06E209ED}.Debug|x64.ActiveCfg = Debug|Any CPU
		{DD5AF665-A124-4999-9D3F-414C06E209ED}.Debug|x64.Build.0 = Debug|Any CPU
		{DD5AF665-A124-4999-9D3F-414C06E209ED}.Debug|x86.ActiveCfg = Debug|Any CPU
		{DD5AF665-A124-4999-9D3F-414C06E209ED}.Debug|x86.Build.0 = Debug|Any CPU
		{DD5AF665-A124-4999-9D3F-414C06E209ED}.Release|Any CPU.ActiveCfg = Release|Any CPU
		{DD5AF665-A124-4999-9D3F-414C06E209ED}.Release|Any CPU.Build.0 = Release|Any CPU
		{DD5AF665-A124-4999-9D3F-414C06E209ED}.Release|x64.ActiveCfg = Release|Any CPU
		{DD5AF665-A124-4999-9D3F-414C06E209ED}.Release|x64.Build.0 = Release|Any CPU
		{DD5AF665-A124-4999-9D3F-414C06E209ED}.Release|x86.ActiveCfg = Release|Any CPU
		{DD5AF665-A124-4999-9D3F-414C06E209ED}.Release|x86.Build.0 = Release|Any CPU
		{4D002032-DC49-4F4D-A0B1-884C8EB5FA0D}.Debug|Any CPU.ActiveCfg = Debug|Any CPU
		{4D002032-DC49-4F4D-A0B1-884C8EB5FA0D}.Debug|Any CPU.Build.0 = Debug|Any CPU
		{4D002032-DC49-4F4D-A0B1-884C8EB5FA0D}.Debug|x64.ActiveCfg = Debug|Any CPU
		{4D002032-DC49-4F4D-A0B1-884C8EB5FA0D}.Debug|x64.Build.0 = Debug|Any CPU
		{4D002032-DC49-4F4D-A0B1-884C8EB5FA0D}.Debug|x86.ActiveCfg = Debug|Any CPU
		{4D002032-DC49-4F4D-A0B1-884C8EB5FA0D}.Debug|x86.Build.0 = Debug|Any CPU
		{4D002032-DC49-4F4D-A0B1-884C8EB5FA0D}.Release|Any CPU.ActiveCfg = Release|Any CPU
		{4D002032-DC49-4F4D-A0B1-884C8EB5FA0D}.Release|Any CPU.Build.0 = Release|Any CPU
		{4D002032-DC49-4F4D-A0B1-884C8EB5FA0D}.Release|x64.ActiveCfg = Release|Any CPU
		{4D002032-DC49-4F4D-A0B1-884C8EB5FA0D}.Release|x64.Build.0 = Release|Any CPU
		{4D002032-DC49-4F4D-A0B1-884C8EB5FA0D}.Release|x86.ActiveCfg = Release|Any CPU
		{4D002032-DC49-4F4D-A0B1-884C8EB5FA0D}.Release|x86.Build.0 = Release|Any CPU
		{ACE154D6-7819-4CA3-B8FC-565C81822549}.Debug|Any CPU.ActiveCfg = Debug|Any CPU
		{ACE154D6-7819-4CA3-B8FC-565C81822549}.Debug|Any CPU.Build.0 = Debug|Any CPU
		{ACE154D6-7819-4CA3-B8FC-565C81822549}.Debug|x64.ActiveCfg = Debug|Any CPU
		{ACE154D6-7819-4CA3-B8FC-565C81822549}.Debug|x64.Build.0 = Debug|Any CPU
		{ACE154D6-7819-4CA3-B8FC-565C81822549}.Debug|x86.ActiveCfg = Debug|Any CPU
		{ACE154D6-7819-4CA3-B8FC-565C81822549}.Debug|x86.Build.0 = Debug|Any CPU
		{ACE154D6-7819-4CA3-B8FC-565C81822549}.Release|Any CPU.ActiveCfg = Release|Any CPU
		{ACE154D6-7819-4CA3-B8FC-565C81822549}.Release|Any CPU.Build.0 = Release|Any CPU
		{ACE154D6-7819-4CA3-B8FC-565C81822549}.Release|x64.ActiveCfg = Release|Any CPU
		{ACE154D6-7819-4CA3-B8FC-565C81822549}.Release|x64.Build.0 = Release|Any CPU
		{ACE154D6-7819-4CA3-B8FC-565C81822549}.Release|x86.ActiveCfg = Release|Any CPU
		{ACE154D6-7819-4CA3-B8FC-565C81822549}.Release|x86.Build.0 = Release|Any CPU
		{8AE60AE6-E4A6-4ACB-B050-D4138FA93B62}.Debug|Any CPU.ActiveCfg = Debug|Any CPU
		{8AE60AE6-E4A6-4ACB-B050-D4138FA93B62}.Debug|Any CPU.Build.0 = Debug|Any CPU
		{8AE60AE6-E4A6-4ACB-B050-D4138FA93B62}.Debug|x64.ActiveCfg = Debug|Any CPU
		{8AE60AE6-E4A6-4ACB-B050-D4138FA93B62}.Debug|x64.Build.0 = Debug|Any CPU
		{8AE60AE6-E4A6-4ACB-B050-D4138FA93B62}.Debug|x86.ActiveCfg = Debug|Any CPU
		{8AE60AE6-E4A6-4ACB-B050-D4138FA93B62}.Debug|x86.Build.0 = Debug|Any CPU
		{8AE60AE6-E4A6-4ACB-B050-D4138FA93B62}.Release|Any CPU.ActiveCfg = Release|Any CPU
		{8AE60AE6-E4A6-4ACB-B050-D4138FA93B62}.Release|Any CPU.Build.0 = Release|Any CPU
		{8AE60AE6-E4A6-4ACB-B050-D4138FA93B62}.Release|x64.ActiveCfg = Release|Any CPU
		{8AE60AE6-E4A6-4ACB-B050-D4138FA93B62}.Release|x64.Build.0 = Release|Any CPU
		{8AE60AE6-E4A6-4ACB-B050-D4138FA93B62}.Release|x86.ActiveCfg = Release|Any CPU
		{8AE60AE6-E4A6-4ACB-B050-D4138FA93B62}.Release|x86.Build.0 = Release|Any CPU
		{66859FBA-131C-4037-B358-503E7707D7E4}.Debug|Any CPU.ActiveCfg = Debug|Any CPU
		{66859FBA-131C-4037-B358-503E7707D7E4}.Debug|Any CPU.Build.0 = Debug|Any CPU
		{66859FBA-131C-4037-B358-503E7707D7E4}.Debug|x64.ActiveCfg = Debug|Any CPU
		{66859FBA-131C-4037-B358-503E7707D7E4}.Debug|x64.Build.0 = Debug|Any CPU
		{66859FBA-131C-4037-B358-503E7707D7E4}.Debug|x86.ActiveCfg = Debug|Any CPU
		{66859FBA-131C-4037-B358-503E7707D7E4}.Debug|x86.Build.0 = Debug|Any CPU
		{66859FBA-131C-4037-B358-503E7707D7E4}.Release|Any CPU.ActiveCfg = Release|Any CPU
		{66859FBA-131C-4037-B358-503E7707D7E4}.Release|Any CPU.Build.0 = Release|Any CPU
		{66859FBA-131C-4037-B358-503E7707D7E4}.Release|x64.ActiveCfg = Release|Any CPU
		{66859FBA-131C-4037-B358-503E7707D7E4}.Release|x64.Build.0 = Release|Any CPU
		{66859FBA-131C-4037-B358-503E7707D7E4}.Release|x86.ActiveCfg = Release|Any CPU
		{66859FBA-131C-4037-B358-503E7707D7E4}.Release|x86.Build.0 = Release|Any CPU
		{D41B7D9D-2F1B-41AA-AF55-6CAB8F33E584}.Debug|Any CPU.ActiveCfg = Debug|Any CPU
		{D41B7D9D-2F1B-41AA-AF55-6CAB8F33E584}.Debug|Any CPU.Build.0 = Debug|Any CPU
		{D41B7D9D-2F1B-41AA-AF55-6CAB8F33E584}.Debug|x64.ActiveCfg = Debug|Any CPU
		{D41B7D9D-2F1B-41AA-AF55-6CAB8F33E584}.Debug|x64.Build.0 = Debug|Any CPU
		{D41B7D9D-2F1B-41AA-AF55-6CAB8F33E584}.Debug|x86.ActiveCfg = Debug|Any CPU
		{D41B7D9D-2F1B-41AA-AF55-6CAB8F33E584}.Debug|x86.Build.0 = Debug|Any CPU
		{D41B7D9D-2F1B-41AA-AF55-6CAB8F33E584}.Release|Any CPU.ActiveCfg = Release|Any CPU
		{D41B7D9D-2F1B-41AA-AF55-6CAB8F33E584}.Release|Any CPU.Build.0 = Release|Any CPU
		{D41B7D9D-2F1B-41AA-AF55-6CAB8F33E584}.Release|x64.ActiveCfg = Release|Any CPU
		{D41B7D9D-2F1B-41AA-AF55-6CAB8F33E584}.Release|x64.Build.0 = Release|Any CPU
		{D41B7D9D-2F1B-41AA-AF55-6CAB8F33E584}.Release|x86.ActiveCfg = Release|Any CPU
		{D41B7D9D-2F1B-41AA-AF55-6CAB8F33E584}.Release|x86.Build.0 = Release|Any CPU
		{4A072AE4-2748-474E-B6F9-D70F3D9C4AD8}.Debug|Any CPU.ActiveCfg = Debug|Any CPU
		{4A072AE4-2748-474E-B6F9-D70F3D9C4AD8}.Debug|Any CPU.Build.0 = Debug|Any CPU
		{4A072AE4-2748-474E-B6F9-D70F3D9C4AD8}.Debug|x64.ActiveCfg = Debug|Any CPU
		{4A072AE4-2748-474E-B6F9-D70F3D9C4AD8}.Debug|x64.Build.0 = Debug|Any CPU
		{4A072AE4-2748-474E-B6F9-D70F3D9C4AD8}.Debug|x86.ActiveCfg = Debug|Any CPU
		{4A072AE4-2748-474E-B6F9-D70F3D9C4AD8}.Debug|x86.Build.0 = Debug|Any CPU
		{4A072AE4-2748-474E-B6F9-D70F3D9C4AD8}.Release|Any CPU.ActiveCfg = Release|Any CPU
		{4A072AE4-2748-474E-B6F9-D70F3D9C4AD8}.Release|Any CPU.Build.0 = Release|Any CPU
		{4A072AE4-2748-474E-B6F9-D70F3D9C4AD8}.Release|x64.ActiveCfg = Release|Any CPU
		{4A072AE4-2748-474E-B6F9-D70F3D9C4AD8}.Release|x64.Build.0 = Release|Any CPU
		{4A072AE4-2748-474E-B6F9-D70F3D9C4AD8}.Release|x86.ActiveCfg = Release|Any CPU
		{4A072AE4-2748-474E-B6F9-D70F3D9C4AD8}.Release|x86.Build.0 = Release|Any CPU
		{7F217152-13D4-4715-8A09-9A68ACEE66A5}.Debug|Any CPU.ActiveCfg = Debug|Any CPU
		{7F217152-13D4-4715-8A09-9A68ACEE66A5}.Debug|Any CPU.Build.0 = Debug|Any CPU
		{7F217152-13D4-4715-8A09-9A68ACEE66A5}.Debug|x64.ActiveCfg = Debug|Any CPU
		{7F217152-13D4-4715-8A09-9A68ACEE66A5}.Debug|x64.Build.0 = Debug|Any CPU
		{7F217152-13D4-4715-8A09-9A68ACEE66A5}.Debug|x86.ActiveCfg = Debug|Any CPU
		{7F217152-13D4-4715-8A09-9A68ACEE66A5}.Debug|x86.Build.0 = Debug|Any CPU
		{7F217152-13D4-4715-8A09-9A68ACEE66A5}.Release|Any CPU.ActiveCfg = Release|Any CPU
		{7F217152-13D4-4715-8A09-9A68ACEE66A5}.Release|Any CPU.Build.0 = Release|Any CPU
		{7F217152-13D4-4715-8A09-9A68ACEE66A5}.Release|x64.ActiveCfg = Release|Any CPU
		{7F217152-13D4-4715-8A09-9A68ACEE66A5}.Release|x64.Build.0 = Release|Any CPU
		{7F217152-13D4-4715-8A09-9A68ACEE66A5}.Release|x86.ActiveCfg = Release|Any CPU
		{7F217152-13D4-4715-8A09-9A68ACEE66A5}.Release|x86.Build.0 = Release|Any CPU
		{8CA50C75-B731-454B-9AF3-46F172360DB1}.Debug|Any CPU.ActiveCfg = Debug|Any CPU
		{8CA50C75-B731-454B-9AF3-46F172360DB1}.Debug|Any CPU.Build.0 = Debug|Any CPU
		{8CA50C75-B731-454B-9AF3-46F172360DB1}.Debug|x64.ActiveCfg = Debug|Any CPU
		{8CA50C75-B731-454B-9AF3-46F172360DB1}.Debug|x64.Build.0 = Debug|Any CPU
		{8CA50C75-B731-454B-9AF3-46F172360DB1}.Debug|x86.ActiveCfg = Debug|Any CPU
		{8CA50C75-B731-454B-9AF3-46F172360DB1}.Debug|x86.Build.0 = Debug|Any CPU
		{8CA50C75-B731-454B-9AF3-46F172360DB1}.Release|Any CPU.ActiveCfg = Release|Any CPU
		{8CA50C75-B731-454B-9AF3-46F172360DB1}.Release|Any CPU.Build.0 = Release|Any CPU
		{8CA50C75-B731-454B-9AF3-46F172360DB1}.Release|x64.ActiveCfg = Release|Any CPU
		{8CA50C75-B731-454B-9AF3-46F172360DB1}.Release|x64.Build.0 = Release|Any CPU
		{8CA50C75-B731-454B-9AF3-46F172360DB1}.Release|x86.ActiveCfg = Release|Any CPU
		{8CA50C75-B731-454B-9AF3-46F172360DB1}.Release|x86.Build.0 = Release|Any CPU
		{04E9DC0C-35C8-4DC4-8493-95618691B9AD}.Debug|Any CPU.ActiveCfg = Debug|Any CPU
		{04E9DC0C-35C8-4DC4-8493-95618691B9AD}.Debug|Any CPU.Build.0 = Debug|Any CPU
		{04E9DC0C-35C8-4DC4-8493-95618691B9AD}.Debug|x64.ActiveCfg = Debug|Any CPU
		{04E9DC0C-35C8-4DC4-8493-95618691B9AD}.Debug|x64.Build.0 = Debug|Any CPU
		{04E9DC0C-35C8-4DC4-8493-95618691B9AD}.Debug|x86.ActiveCfg = Debug|Any CPU
		{04E9DC0C-35C8-4DC4-8493-95618691B9AD}.Debug|x86.Build.0 = Debug|Any CPU
		{04E9DC0C-35C8-4DC4-8493-95618691B9AD}.Release|Any CPU.ActiveCfg = Release|Any CPU
		{04E9DC0C-35C8-4DC4-8493-95618691B9AD}.Release|Any CPU.Build.0 = Release|Any CPU
		{04E9DC0C-35C8-4DC4-8493-95618691B9AD}.Release|x64.ActiveCfg = Release|Any CPU
		{04E9DC0C-35C8-4DC4-8493-95618691B9AD}.Release|x64.Build.0 = Release|Any CPU
		{04E9DC0C-35C8-4DC4-8493-95618691B9AD}.Release|x86.ActiveCfg = Release|Any CPU
		{04E9DC0C-35C8-4DC4-8493-95618691B9AD}.Release|x86.Build.0 = Release|Any CPU
		{997E849B-84A0-4DA1-A08F-096FBC9B2119}.Debug|Any CPU.ActiveCfg = Debug|Any CPU
		{997E849B-84A0-4DA1-A08F-096FBC9B2119}.Debug|Any CPU.Build.0 = Debug|Any CPU
		{997E849B-84A0-4DA1-A08F-096FBC9B2119}.Debug|x64.ActiveCfg = Debug|Any CPU
		{997E849B-84A0-4DA1-A08F-096FBC9B2119}.Debug|x64.Build.0 = Debug|Any CPU
		{997E849B-84A0-4DA1-A08F-096FBC9B2119}.Debug|x86.ActiveCfg = Debug|Any CPU
		{997E849B-84A0-4DA1-A08F-096FBC9B2119}.Debug|x86.Build.0 = Debug|Any CPU
		{997E849B-84A0-4DA1-A08F-096FBC9B2119}.Release|Any CPU.ActiveCfg = Release|Any CPU
		{997E849B-84A0-4DA1-A08F-096FBC9B2119}.Release|Any CPU.Build.0 = Release|Any CPU
		{997E849B-84A0-4DA1-A08F-096FBC9B2119}.Release|x64.ActiveCfg = Release|Any CPU
		{997E849B-84A0-4DA1-A08F-096FBC9B2119}.Release|x64.Build.0 = Release|Any CPU
		{997E849B-84A0-4DA1-A08F-096FBC9B2119}.Release|x86.ActiveCfg = Release|Any CPU
		{997E849B-84A0-4DA1-A08F-096FBC9B2119}.Release|x86.Build.0 = Release|Any CPU
		{EF617CFF-4970-4EF8-A61A-BF39CE1146A1}.Debug|Any CPU.ActiveCfg = Debug|Any CPU
		{EF617CFF-4970-4EF8-A61A-BF39CE1146A1}.Debug|Any CPU.Build.0 = Debug|Any CPU
		{EF617CFF-4970-4EF8-A61A-BF39CE1146A1}.Debug|x64.ActiveCfg = Debug|Any CPU
		{EF617CFF-4970-4EF8-A61A-BF39CE1146A1}.Debug|x64.Build.0 = Debug|Any CPU
		{EF617CFF-4970-4EF8-A61A-BF39CE1146A1}.Debug|x86.ActiveCfg = Debug|Any CPU
		{EF617CFF-4970-4EF8-A61A-BF39CE1146A1}.Debug|x86.Build.0 = Debug|Any CPU
		{EF617CFF-4970-4EF8-A61A-BF39CE1146A1}.Release|Any CPU.ActiveCfg = Release|Any CPU
		{EF617CFF-4970-4EF8-A61A-BF39CE1146A1}.Release|Any CPU.Build.0 = Release|Any CPU
		{EF617CFF-4970-4EF8-A61A-BF39CE1146A1}.Release|x64.ActiveCfg = Release|Any CPU
		{EF617CFF-4970-4EF8-A61A-BF39CE1146A1}.Release|x64.Build.0 = Release|Any CPU
		{EF617CFF-4970-4EF8-A61A-BF39CE1146A1}.Release|x86.ActiveCfg = Release|Any CPU
		{EF617CFF-4970-4EF8-A61A-BF39CE1146A1}.Release|x86.Build.0 = Release|Any CPU
		{EBE76B28-F57C-4FA4-A9B0-6FE8F9AFB5A6}.Debug|Any CPU.ActiveCfg = Debug|Any CPU
		{EBE76B28-F57C-4FA4-A9B0-6FE8F9AFB5A6}.Debug|Any CPU.Build.0 = Debug|Any CPU
		{EBE76B28-F57C-4FA4-A9B0-6FE8F9AFB5A6}.Debug|x64.ActiveCfg = Debug|Any CPU
		{EBE76B28-F57C-4FA4-A9B0-6FE8F9AFB5A6}.Debug|x64.Build.0 = Debug|Any CPU
		{EBE76B28-F57C-4FA4-A9B0-6FE8F9AFB5A6}.Debug|x86.ActiveCfg = Debug|Any CPU
		{EBE76B28-F57C-4FA4-A9B0-6FE8F9AFB5A6}.Debug|x86.Build.0 = Debug|Any CPU
		{EBE76B28-F57C-4FA4-A9B0-6FE8F9AFB5A6}.Release|Any CPU.ActiveCfg = Release|Any CPU
		{EBE76B28-F57C-4FA4-A9B0-6FE8F9AFB5A6}.Release|Any CPU.Build.0 = Release|Any CPU
		{EBE76B28-F57C-4FA4-A9B0-6FE8F9AFB5A6}.Release|x64.ActiveCfg = Release|Any CPU
		{EBE76B28-F57C-4FA4-A9B0-6FE8F9AFB5A6}.Release|x64.Build.0 = Release|Any CPU
		{EBE76B28-F57C-4FA4-A9B0-6FE8F9AFB5A6}.Release|x86.ActiveCfg = Release|Any CPU
		{EBE76B28-F57C-4FA4-A9B0-6FE8F9AFB5A6}.Release|x86.Build.0 = Release|Any CPU
		{D827E50F-14AB-4364-B1FD-396C42158B65}.Debug|Any CPU.ActiveCfg = Debug|Any CPU
		{D827E50F-14AB-4364-B1FD-396C42158B65}.Debug|Any CPU.Build.0 = Debug|Any CPU
		{D827E50F-14AB-4364-B1FD-396C42158B65}.Debug|x64.ActiveCfg = Debug|Any CPU
		{D827E50F-14AB-4364-B1FD-396C42158B65}.Debug|x64.Build.0 = Debug|Any CPU
		{D827E50F-14AB-4364-B1FD-396C42158B65}.Debug|x86.ActiveCfg = Debug|Any CPU
		{D827E50F-14AB-4364-B1FD-396C42158B65}.Debug|x86.Build.0 = Debug|Any CPU
		{D827E50F-14AB-4364-B1FD-396C42158B65}.Release|Any CPU.ActiveCfg = Release|Any CPU
		{D827E50F-14AB-4364-B1FD-396C42158B65}.Release|Any CPU.Build.0 = Release|Any CPU
		{D827E50F-14AB-4364-B1FD-396C42158B65}.Release|x64.ActiveCfg = Release|Any CPU
		{D827E50F-14AB-4364-B1FD-396C42158B65}.Release|x64.Build.0 = Release|Any CPU
		{D827E50F-14AB-4364-B1FD-396C42158B65}.Release|x86.ActiveCfg = Release|Any CPU
		{D827E50F-14AB-4364-B1FD-396C42158B65}.Release|x86.Build.0 = Release|Any CPU
	EndGlobalSection
	GlobalSection(SolutionProperties) = preSolution
		HideSolutionNode = FALSE
	EndGlobalSection
	GlobalSection(NestedProjects) = preSolution
		{6E39FE27-C61D-43D5-BA8E-854D31836B94} = {3AF237C3-5567-4CAC-8478-62F259C3F803}
		{DD1922A7-108D-4986-B213-0E7703BFF293} = {3AF237C3-5567-4CAC-8478-62F259C3F803}
		{15B5C285-12CA-4796-8868-82CFB2040A0E} = {3AF237C3-5567-4CAC-8478-62F259C3F803}
		{4F238594-5EC3-4F4C-9553-7C7B55241D3D} = {3AF237C3-5567-4CAC-8478-62F259C3F803}
		{901B58C1-1BC2-42FC-B5FF-B5B96C4999CD} = {3AF237C3-5567-4CAC-8478-62F259C3F803}
		{982ABC46-2904-42AC-B581-4B37958B0DE3} = {3AF237C3-5567-4CAC-8478-62F259C3F803}
		{16419BA6-C561-4A85-B87F-8B2A2D4A6430} = {3AF237C3-5567-4CAC-8478-62F259C3F803}
		{0A2A27D6-426A-4650-B47B-BDF61FC10FFC} = {3AF237C3-5567-4CAC-8478-62F259C3F803}
		{DD5AF665-A124-4999-9D3F-414C06E209ED} = {3AF237C3-5567-4CAC-8478-62F259C3F803}
		{4D002032-DC49-4F4D-A0B1-884C8EB5FA0D} = {3AF237C3-5567-4CAC-8478-62F259C3F803}
		{ACE154D6-7819-4CA3-B8FC-565C81822549} = {3AF237C3-5567-4CAC-8478-62F259C3F803}
		{8AE60AE6-E4A6-4ACB-B050-D4138FA93B62} = {3AF237C3-5567-4CAC-8478-62F259C3F803}
		{66859FBA-131C-4037-B358-503E7707D7E4} = {3AF237C3-5567-4CAC-8478-62F259C3F803}
		{D41B7D9D-2F1B-41AA-AF55-6CAB8F33E584} = {3AF237C3-5567-4CAC-8478-62F259C3F803}
		{4A072AE4-2748-474E-B6F9-D70F3D9C4AD8} = {3AF237C3-5567-4CAC-8478-62F259C3F803}
		{7F217152-13D4-4715-8A09-9A68ACEE66A5} = {3AF237C3-5567-4CAC-8478-62F259C3F803}
		{8CA50C75-B731-454B-9AF3-46F172360DB1} = {3AF237C3-5567-4CAC-8478-62F259C3F803}
		{04E9DC0C-35C8-4DC4-8493-95618691B9AD} = {3AF237C3-5567-4CAC-8478-62F259C3F803}
		{997E849B-84A0-4DA1-A08F-096FBC9B2119} = {3AF237C3-5567-4CAC-8478-62F259C3F803}
		{EF617CFF-4970-4EF8-A61A-BF39CE1146A1} = {3AF237C3-5567-4CAC-8478-62F259C3F803}
		{EBE76B28-F57C-4FA4-A9B0-6FE8F9AFB5A6} = {3AF237C3-5567-4CAC-8478-62F259C3F803}
		{D827E50F-14AB-4364-B1FD-396C42158B65} = {3AF237C3-5567-4CAC-8478-62F259C3F803}
	EndGlobalSection
	GlobalSection(ExtensibilityGlobals) = postSolution
		SolutionGuid = {63185997-7A88-4601-9247-3D9A3A3DDF73}
	EndGlobalSection
EndGlobal
